{
  "name": "mapguessinggame",
  "version": "1.0.0",
  "lockfileVersion": 1,
  "requires": true,
  "dependencies": {
    "@types/arcgis-js-api": {
      "version": "4.14.0",
      "resolved": "https://registry.npmjs.org/@types/arcgis-js-api/-/arcgis-js-api-4.14.0.tgz",
      "integrity": "sha512-TGOfVtEpC5mIVqHwZRGS2OLx8D47AsPfUgDw/Z4IdTOOjMY+7/Hd25mu8xPkoEYNKy88jFYD/7eUIZWDBPUvKQ=="
    },
    "esri-loader": {
      "version": "2.13.0",
      "resolved": "https://registry.npmjs.org/esri-loader/-/esri-loader-2.13.0.tgz",
      "integrity": "sha512-8a0sKovo1p3udCzj4ybT4/bn4+1w3tAhRIKbrL+KrV08919luOc+PR0gsnh4X7fbZ1KaU8uLt3KcpIhio71TlA=="
    },
    "typescript": {
      "version": "3.6.3",
      "resolved": "https://registry.npmjs.org/typescript/-/typescript-3.6.3.tgz",
      "integrity": "sha512-N7bceJL1CtRQ2RiG0AQME13ksR7DiuQh/QehubYcghzv20tnh+MQnQIuJddTmsbqYj+dztchykemz0zFzlvdQw=="
    }
  }
}
