{
  "name": "mapguessinggame",
  "version": "1.0.0",
  "lockfileVersion": 1,
  "requires": true,
  "dependencies": {
    "@types/arcgis-js-api": {
      "version": "4.12.0",
      "resolved": "https://registry.npmjs.org/@types/arcgis-js-api/-/arcgis-js-api-4.12.0.tgz",
      "integrity": "sha512-hNJnuqfM1BQZR+muyqFQp8Srw8rshOIsJbSTX2G2zstIj20k09LdwZNAAVYK/QXt90vIJAUnKqP+6JrBv5l/VA=="
    },
    "esri-loader": {
      "version": "2.10.0",
      "resolved": "https://registry.npmjs.org/esri-loader/-/esri-loader-2.10.0.tgz",
      "integrity": "sha512-CNC4sL1izSLphkToy1vVCm3iORCSuBE5iw+S9uq26Aq/5pgSIiwLkqKo9ky+Wd8fznQ8VdN1X3Aen8yaTb7KDQ=="
    },
    "typescript": {
      "version": "3.6.3",
      "resolved": "https://registry.npmjs.org/typescript/-/typescript-3.6.3.tgz",
      "integrity": "sha512-N7bceJL1CtRQ2RiG0AQME13ksR7DiuQh/QehubYcghzv20tnh+MQnQIuJddTmsbqYj+dztchykemz0zFzlvdQw=="
    }
  }
}
